<?xml version="1.0" encoding="UTF-8" standalone="yes" ?>
<CodeBlocks_project_file>
	<FileVersion major="1" minor="6" />
	<Project>
		<Option title="WesternGame" />
		<Option pch_mode="2" />
		<Option compiler="gcc" />
		<Build>
			<Target title="Debug">
				<Option output="bin/Debug/WesterGame" prefix_auto="1" extension_auto="1" />
				<Option object_output="obj/Debug/" />
				<Option type="1" />
				<Option compiler="gcc" />
				<Compiler>
					<Add option="-g" />
				</Compiler>
			</Target>
			<Target title="Release">
				<Option output="bin/Release/WesterGame" prefix_auto="1" extension_auto="1" />
				<Option object_output="obj/Release/" />
				<Option type="1" />
				<Option compiler="gcc" />
				<Compiler>
					<Add option="-O2" />
				</Compiler>
				<Linker>
					<Add option="-s" />
				</Linker>
			</Target>
		</Build>
		<Compiler>
			<Add option="-Wall" />
		</Compiler>
		<Unit filename="Caravana.cpp" />
		<Unit filename="Caravana.h" />
		<Unit filename="Carro.cpp" />
		<Unit filename="Carro.h" />
		<Unit filename="Casillero.cpp" />
		<Unit filename="Casillero.h" />
		<Unit filename="Mapa.cpp" />
		<Unit filename="Mapa.h" />
		<Unit filename="Mina.cpp" />
		<Unit filename="Mina.h" />
		<Unit filename="Moneda.cpp" />
		<Unit filename="Moneda.h" />
		<Unit filename="Partida.cpp" />
		<Unit filename="Partida.h" />
		<Unit filename="Villano.cpp" />
		<Unit filename="Villano.h" />
		<Unit filename="main.cpp" />
		<Extensions>
			<code_completion />
			<envvars />
			<debugger />
		</Extensions>
	</Project>
</CodeBlocks_project_file>
